
Microsoft Visual Studio Solution File, Format Version 12.00
# Visual Studio Version 18
VisualStudioVersion = 18.6.11822.322
MinimumVisualStudioVersion = 10.0.40219.1
Project("{FAE04EC0-301F-11D3-BF4B-00C04F79EFBC}") = "NepaliDatePicker", "NepaliDatePicker.csproj", "{358CBB5D-370F-945D-8128-B267CFCC1756}"
EndProject
Project("{FAE04EC0-301F-11D3-BF4B-00C04F79EFBC}") = "NepaliDatePickerDemo", "..\example\NepaliDatePickerDemo.csproj", "{F29CBE64-FAC9-A33A-29F9-16D8585094C8}"
EndProject
Global
	GlobalSection(SolutionConfigurationPlatforms) = preSolution
		Debug|Any CPU = Debug|Any CPU
		Release|Any CPU = Release|Any CPU
	EndGlobalSection
	GlobalSection(ProjectConfigurationPlatforms) = postSolution
		{358CBB5D-370F-945D-8128-B267CFCC1756}.Debug|Any CPU.ActiveCfg = Debug|Any CPU
		{358CBB5D-370F-945D-8128-B267CFCC1756}.Debug|Any CPU.Build.0 = Debug|Any CPU
		{358CBB5D-370F-945D-8128-B267CFCC1756}.Release|Any CPU.ActiveCfg = Release|Any CPU
		{358CBB5D-370F-945D-8128-B267CFCC1756}.Release|Any CPU.Build.0 = Release|Any CPU
		{F29CBE64-FAC9-A33A-29F9-16D8585094C8}.Debug|Any CPU.ActiveCfg = Debug|Any CPU
		{F29CBE64-FAC9-A33A-29F9-16D8585094C8}.Debug|Any CPU.Build.0 = Debug|Any CPU
		{F29CBE64-FAC9-A33A-29F9-16D8585094C8}.Debug|Any CPU.Deploy.0 = Debug|Any CPU
		{F29CBE64-FAC9-A33A-29F9-16D8585094C8}.Release|Any CPU.ActiveCfg = Release|Any CPU
		{F29CBE64-FAC9-A33A-29F9-16D8585094C8}.Release|Any CPU.Build.0 = Release|Any CPU
	EndGlobalSection
	GlobalSection(SolutionProperties) = preSolution
		HideSolutionNode = FALSE
	EndGlobalSection
	GlobalSection(ExtensibilityGlobals) = postSolution
		SolutionGuid = {FE308FDC-C0B1-42FB-A2F7-A73BA9215E58}
	EndGlobalSection
EndGlobal
