
Microsoft Visual Studio Solution File, Format Version 12.00
# Visual Studio Version 18
VisualStudioVersion = 18.6.11822.322
MinimumVisualStudioVersion = 10.0.40219.1
Project("{2150E333-8FDC-42A3-9474-1A3956D46DE8}") = "src", "src", "{827E0CD3-B72D-47B6-A68D-7590B98EB39B}"
EndProject
Project("{2150E333-8FDC-42A3-9474-1A3956D46DE8}") = "example", "example", "{1D587995-D2B1-D47C-23B4-E8E972FA15E9}"
EndProject
Project("{2150E333-8FDC-42A3-9474-1A3956D46DE8}") = "avalonia", "avalonia", "{907D28CA-44CB-11AE-45AF-381D3FEDEF68}"
EndProject
Project("{FAE04EC0-301F-11D3-BF4B-00C04F79EFBC}") = "NepaliDatePickerDemo.Avalonia", "example\avalonia\NepaliDatePickerDemo.Avalonia.csproj", "{B4DCE34F-5D7E-42DD-9BBF-E35B543E9DDD}"
EndProject
Project("{2150E333-8FDC-42A3-9474-1A3956D46DE8}") = "core", "core", "{8D626EA8-CB54-BC41-363A-217881BEBA6E}"
EndProject
Project("{FAE04EC0-301F-11D3-BF4B-00C04F79EFBC}") = "NepaliDatePicker.Core", "src\core\NepaliDatePicker.Core.csproj", "{4C3C9A5A-A98B-4CDE-9E04-0EF1E8AAF32A}"
EndProject
Project("{2150E333-8FDC-42A3-9474-1A3956D46DE8}") = "avalonia", "avalonia", "{1350CF4D-C3B3-7916-2620-2C4008CF69A6}"
EndProject
Project("{FAE04EC0-301F-11D3-BF4B-00C04F79EFBC}") = "NepaliDatePicker.Avalonia", "src\avalonia\NepaliDatePicker.Avalonia.csproj", "{E1975298-40CF-4576-91FF-4CA7E8D62B6B}"
EndProject
Project("{2150E333-8FDC-42A3-9474-1A3956D46DE8}") = "maui", "maui", "{881BE2A5-6EF8-7E6D-DBDA-6B31DF6FD088}"
EndProject
Project("{FAE04EC0-301F-11D3-BF4B-00C04F79EFBC}") = "NepaliDatePicker.Maui", "src\maui\NepaliDatePicker.Maui.csproj", "{6B8D1372-A620-4148-961C-412C489F9A58}"
EndProject
Project("{2150E333-8FDC-42A3-9474-1A3956D46DE8}") = "maui", "maui", "{2F8860B5-828C-8187-F4AF-3C231409D2B2}"
EndProject
Project("{FAE04EC0-301F-11D3-BF4B-00C04F79EFBC}") = "NepaliDatePickerDemo.Maui", "example\maui\NepaliDatePickerDemo.Maui.csproj", "{EE435D9A-8E7C-410B-B781-C59CA550BDE0}"
EndProject
Project("{FAE04EC0-301F-11D3-BF4B-00C04F79EFBC}") = "NepaliDatePickerDemo.Avalonia.Desktop", "example\avalonia\desktop\NepaliDatePickerDemo.Avalonia.Desktop.csproj", "{B18D27C2-9331-4CE6-B335-405D06E9A176}"
EndProject
Project("{FAE04EC0-301F-11D3-BF4B-00C04F79EFBC}") = "NepaliDatePickerDemo.Avalonia.Android", "example\avalonia\android\NepaliDatePickerDemo.Avalonia.Android.csproj", "{0376CA3C-0250-4831-81C9-2B32BF255493}"
EndProject
Project("{FAE04EC0-301F-11D3-BF4B-00C04F79EFBC}") = "NepaliDatePickerDemo.Avalonia.iOS", "example\avalonia\ios\NepaliDatePickerDemo.Avalonia.iOS.csproj", "{035A5411-3C5A-45C1-8E27-6A7CD33534CB}"
EndProject
Global
	GlobalSection(SolutionConfigurationPlatforms) = preSolution
		Debug|Any CPU = Debug|Any CPU
		Debug|x64 = Debug|x64
		Debug|x86 = Debug|x86
		Release|Any CPU = Release|Any CPU
		Release|x64 = Release|x64
		Release|x86 = Release|x86
	EndGlobalSection
	GlobalSection(ProjectConfigurationPlatforms) = postSolution
		{B4DCE34F-5D7E-42DD-9BBF-E35B543E9DDD}.Debug|Any CPU.ActiveCfg = Debug|Any CPU
		{B4DCE34F-5D7E-42DD-9BBF-E35B543E9DDD}.Debug|Any CPU.Build.0 = Debug|Any CPU
		{B4DCE34F-5D7E-42DD-9BBF-E35B543E9DDD}.Debug|x64.ActiveCfg = Debug|Any CPU
		{B4DCE34F-5D7E-42DD-9BBF-E35B543E9DDD}.Debug|x64.Build.0 = Debug|Any CPU
		{B4DCE34F-5D7E-42DD-9BBF-E35B543E9DDD}.Debug|x86.ActiveCfg = Debug|Any CPU
		{B4DCE34F-5D7E-42DD-9BBF-E35B543E9DDD}.Debug|x86.Build.0 = Debug|Any CPU
		{B4DCE34F-5D7E-42DD-9BBF-E35B543E9DDD}.Release|Any CPU.ActiveCfg = Release|Any CPU
		{B4DCE34F-5D7E-42DD-9BBF-E35B543E9DDD}.Release|Any CPU.Build.0 = Release|Any CPU
		{B4DCE34F-5D7E-42DD-9BBF-E35B543E9DDD}.Release|x64.ActiveCfg = Release|Any CPU
		{B4DCE34F-5D7E-42DD-9BBF-E35B543E9DDD}.Release|x64.Build.0 = Release|Any CPU
		{B4DCE34F-5D7E-42DD-9BBF-E35B543E9DDD}.Release|x86.ActiveCfg = Release|Any CPU
		{B4DCE34F-5D7E-42DD-9BBF-E35B543E9DDD}.Release|x86.Build.0 = Release|Any CPU
		{4C3C9A5A-A98B-4CDE-9E04-0EF1E8AAF32A}.Debug|Any CPU.ActiveCfg = Debug|Any CPU
		{4C3C9A5A-A98B-4CDE-9E04-0EF1E8AAF32A}.Debug|Any CPU.Build.0 = Debug|Any CPU
		{4C3C9A5A-A98B-4CDE-9E04-0EF1E8AAF32A}.Debug|x64.ActiveCfg = Debug|Any CPU
		{4C3C9A5A-A98B-4CDE-9E04-0EF1E8AAF32A}.Debug|x64.Build.0 = Debug|Any CPU
		{4C3C9A5A-A98B-4CDE-9E04-0EF1E8AAF32A}.Debug|x86.ActiveCfg = Debug|Any CPU
		{4C3C9A5A-A98B-4CDE-9E04-0EF1E8AAF32A}.Debug|x86.Build.0 = Debug|Any CPU
		{4C3C9A5A-A98B-4CDE-9E04-0EF1E8AAF32A}.Release|Any CPU.ActiveCfg = Release|Any CPU
		{4C3C9A5A-A98B-4CDE-9E04-0EF1E8AAF32A}.Release|Any CPU.Build.0 = Release|Any CPU
		{4C3C9A5A-A98B-4CDE-9E04-0EF1E8AAF32A}.Release|x64.ActiveCfg = Release|Any CPU
		{4C3C9A5A-A98B-4CDE-9E04-0EF1E8AAF32A}.Release|x64.Build.0 = Release|Any CPU
		{4C3C9A5A-A98B-4CDE-9E04-0EF1E8AAF32A}.Release|x86.ActiveCfg = Release|Any CPU
		{4C3C9A5A-A98B-4CDE-9E04-0EF1E8AAF32A}.Release|x86.Build.0 = Release|Any CPU
		{E1975298-40CF-4576-91FF-4CA7E8D62B6B}.Debug|Any CPU.ActiveCfg = Debug|Any CPU
		{E1975298-40CF-4576-91FF-4CA7E8D62B6B}.Debug|Any CPU.Build.0 = Debug|Any CPU
		{E1975298-40CF-4576-91FF-4CA7E8D62B6B}.Debug|x64.ActiveCfg = Debug|Any CPU
		{E1975298-40CF-4576-91FF-4CA7E8D62B6B}.Debug|x64.Build.0 = Debug|Any CPU
		{E1975298-40CF-4576-91FF-4CA7E8D62B6B}.Debug|x86.ActiveCfg = Debug|Any CPU
		{E1975298-40CF-4576-91FF-4CA7E8D62B6B}.Debug|x86.Build.0 = Debug|Any CPU
		{E1975298-40CF-4576-91FF-4CA7E8D62B6B}.Release|Any CPU.ActiveCfg = Release|Any CPU
		{E1975298-40CF-4576-91FF-4CA7E8D62B6B}.Release|Any CPU.Build.0 = Release|Any CPU
		{E1975298-40CF-4576-91FF-4CA7E8D62B6B}.Release|x64.ActiveCfg = Release|Any CPU
		{E1975298-40CF-4576-91FF-4CA7E8D62B6B}.Release|x64.Build.0 = Release|Any CPU
		{E1975298-40CF-4576-91FF-4CA7E8D62B6B}.Release|x86.ActiveCfg = Release|Any CPU
		{E1975298-40CF-4576-91FF-4CA7E8D62B6B}.Release|x86.Build.0 = Release|Any CPU
		{6B8D1372-A620-4148-961C-412C489F9A58}.Debug|Any CPU.ActiveCfg = Debug|Any CPU
		{6B8D1372-A620-4148-961C-412C489F9A58}.Debug|Any CPU.Build.0 = Debug|Any CPU
		{6B8D1372-A620-4148-961C-412C489F9A58}.Debug|x64.ActiveCfg = Debug|Any CPU
		{6B8D1372-A620-4148-961C-412C489F9A58}.Debug|x64.Build.0 = Debug|Any CPU
		{6B8D1372-A620-4148-961C-412C489F9A58}.Debug|x86.ActiveCfg = Debug|Any CPU
		{6B8D1372-A620-4148-961C-412C489F9A58}.Debug|x86.Build.0 = Debug|Any CPU
		{6B8D1372-A620-4148-961C-412C489F9A58}.Release|Any CPU.ActiveCfg = Release|Any CPU
		{6B8D1372-A620-4148-961C-412C489F9A58}.Release|Any CPU.Build.0 = Release|Any CPU
		{6B8D1372-A620-4148-961C-412C489F9A58}.Release|x64.ActiveCfg = Release|Any CPU
		{6B8D1372-A620-4148-961C-412C489F9A58}.Release|x64.Build.0 = Release|Any CPU
		{6B8D1372-A620-4148-961C-412C489F9A58}.Release|x86.ActiveCfg = Release|Any CPU
		{6B8D1372-A620-4148-961C-412C489F9A58}.Release|x86.Build.0 = Release|Any CPU
		{EE435D9A-8E7C-410B-B781-C59CA550BDE0}.Debug|Any CPU.ActiveCfg = Debug|Any CPU
		{EE435D9A-8E7C-410B-B781-C59CA550BDE0}.Debug|Any CPU.Build.0 = Debug|Any CPU
		{EE435D9A-8E7C-410B-B781-C59CA550BDE0}.Debug|Any CPU.Deploy.0 = Debug|Any CPU
		{EE435D9A-8E7C-410B-B781-C59CA550BDE0}.Debug|x64.ActiveCfg = Debug|Any CPU
		{EE435D9A-8E7C-410B-B781-C59CA550BDE0}.Debug|x64.Build.0 = Debug|Any CPU
		{EE435D9A-8E7C-410B-B781-C59CA550BDE0}.Debug|x86.ActiveCfg = Debug|Any CPU
		{EE435D9A-8E7C-410B-B781-C59CA550BDE0}.Debug|x86.Build.0 = Debug|Any CPU
		{EE435D9A-8E7C-410B-B781-C59CA550BDE0}.Release|Any CPU.ActiveCfg = Release|Any CPU
		{EE435D9A-8E7C-410B-B781-C59CA550BDE0}.Release|Any CPU.Build.0 = Release|Any CPU
		{EE435D9A-8E7C-410B-B781-C59CA550BDE0}.Release|x64.ActiveCfg = Release|Any CPU
		{EE435D9A-8E7C-410B-B781-C59CA550BDE0}.Release|x64.Build.0 = Release|Any CPU
		{EE435D9A-8E7C-410B-B781-C59CA550BDE0}.Release|x86.ActiveCfg = Release|Any CPU
		{EE435D9A-8E7C-410B-B781-C59CA550BDE0}.Release|x86.Build.0 = Release|Any CPU
		{B18D27C2-9331-4CE6-B335-405D06E9A176}.Debug|Any CPU.ActiveCfg = Debug|Any CPU
		{B18D27C2-9331-4CE6-B335-405D06E9A176}.Debug|Any CPU.Build.0 = Debug|Any CPU
		{B18D27C2-9331-4CE6-B335-405D06E9A176}.Debug|x64.ActiveCfg = Debug|Any CPU
		{B18D27C2-9331-4CE6-B335-405D06E9A176}.Debug|x64.Build.0 = Debug|Any CPU
		{B18D27C2-9331-4CE6-B335-405D06E9A176}.Debug|x86.ActiveCfg = Debug|Any CPU
		{B18D27C2-9331-4CE6-B335-405D06E9A176}.Debug|x86.Build.0 = Debug|Any CPU
		{B18D27C2-9331-4CE6-B335-405D06E9A176}.Release|Any CPU.ActiveCfg = Release|Any CPU
		{B18D27C2-9331-4CE6-B335-405D06E9A176}.Release|Any CPU.Build.0 = Release|Any CPU
		{B18D27C2-9331-4CE6-B335-405D06E9A176}.Release|x64.ActiveCfg = Release|Any CPU
		{B18D27C2-9331-4CE6-B335-405D06E9A176}.Release|x64.Build.0 = Release|Any CPU
		{B18D27C2-9331-4CE6-B335-405D06E9A176}.Release|x86.ActiveCfg = Release|Any CPU
		{B18D27C2-9331-4CE6-B335-405D06E9A176}.Release|x86.Build.0 = Release|Any CPU
		{0376CA3C-0250-4831-81C9-2B32BF255493}.Debug|Any CPU.ActiveCfg = Debug|Any CPU
		{0376CA3C-0250-4831-81C9-2B32BF255493}.Debug|Any CPU.Build.0 = Debug|Any CPU
		{0376CA3C-0250-4831-81C9-2B32BF255493}.Debug|Any CPU.Deploy.0 = Debug|Any CPU
		{0376CA3C-0250-4831-81C9-2B32BF255493}.Debug|x64.ActiveCfg = Debug|Any CPU
		{0376CA3C-0250-4831-81C9-2B32BF255493}.Debug|x64.Build.0 = Debug|Any CPU
		{0376CA3C-0250-4831-81C9-2B32BF255493}.Debug|x86.ActiveCfg = Debug|Any CPU
		{0376CA3C-0250-4831-81C9-2B32BF255493}.Debug|x86.Build.0 = Debug|Any CPU
		{0376CA3C-0250-4831-81C9-2B32BF255493}.Release|Any CPU.ActiveCfg = Release|Any CPU
		{0376CA3C-0250-4831-81C9-2B32BF255493}.Release|Any CPU.Build.0 = Release|Any CPU
		{0376CA3C-0250-4831-81C9-2B32BF255493}.Release|x64.ActiveCfg = Release|Any CPU
		{0376CA3C-0250-4831-81C9-2B32BF255493}.Release|x64.Build.0 = Release|Any CPU
		{0376CA3C-0250-4831-81C9-2B32BF255493}.Release|x86.ActiveCfg = Release|Any CPU
		{0376CA3C-0250-4831-81C9-2B32BF255493}.Release|x86.Build.0 = Release|Any CPU
		{035A5411-3C5A-45C1-8E27-6A7CD33534CB}.Debug|Any CPU.ActiveCfg = Debug|Any CPU
		{035A5411-3C5A-45C1-8E27-6A7CD33534CB}.Debug|Any CPU.Build.0 = Debug|Any CPU
		{035A5411-3C5A-45C1-8E27-6A7CD33534CB}.Debug|x64.ActiveCfg = Debug|Any CPU
		{035A5411-3C5A-45C1-8E27-6A7CD33534CB}.Debug|x64.Build.0 = Debug|Any CPU
		{035A5411-3C5A-45C1-8E27-6A7CD33534CB}.Debug|x86.ActiveCfg = Debug|Any CPU
		{035A5411-3C5A-45C1-8E27-6A7CD33534CB}.Debug|x86.Build.0 = Debug|Any CPU
		{035A5411-3C5A-45C1-8E27-6A7CD33534CB}.Release|Any CPU.ActiveCfg = Release|Any CPU
		{035A5411-3C5A-45C1-8E27-6A7CD33534CB}.Release|Any CPU.Build.0 = Release|Any CPU
		{035A5411-3C5A-45C1-8E27-6A7CD33534CB}.Release|x64.ActiveCfg = Release|Any CPU
		{035A5411-3C5A-45C1-8E27-6A7CD33534CB}.Release|x64.Build.0 = Release|Any CPU
		{035A5411-3C5A-45C1-8E27-6A7CD33534CB}.Release|x86.ActiveCfg = Release|Any CPU
		{035A5411-3C5A-45C1-8E27-6A7CD33534CB}.Release|x86.Build.0 = Release|Any CPU
	EndGlobalSection
	GlobalSection(SolutionProperties) = preSolution
		HideSolutionNode = FALSE
	EndGlobalSection
	GlobalSection(NestedProjects) = preSolution
		{907D28CA-44CB-11AE-45AF-381D3FEDEF68} = {1D587995-D2B1-D47C-23B4-E8E972FA15E9}
		{B4DCE34F-5D7E-42DD-9BBF-E35B543E9DDD} = {907D28CA-44CB-11AE-45AF-381D3FEDEF68}
		{8D626EA8-CB54-BC41-363A-217881BEBA6E} = {827E0CD3-B72D-47B6-A68D-7590B98EB39B}
		{4C3C9A5A-A98B-4CDE-9E04-0EF1E8AAF32A} = {8D626EA8-CB54-BC41-363A-217881BEBA6E}
		{1350CF4D-C3B3-7916-2620-2C4008CF69A6} = {827E0CD3-B72D-47B6-A68D-7590B98EB39B}
		{E1975298-40CF-4576-91FF-4CA7E8D62B6B} = {1350CF4D-C3B3-7916-2620-2C4008CF69A6}
		{881BE2A5-6EF8-7E6D-DBDA-6B31DF6FD088} = {827E0CD3-B72D-47B6-A68D-7590B98EB39B}
		{6B8D1372-A620-4148-961C-412C489F9A58} = {881BE2A5-6EF8-7E6D-DBDA-6B31DF6FD088}
		{2F8860B5-828C-8187-F4AF-3C231409D2B2} = {1D587995-D2B1-D47C-23B4-E8E972FA15E9}
		{EE435D9A-8E7C-410B-B781-C59CA550BDE0} = {2F8860B5-828C-8187-F4AF-3C231409D2B2}
		{B18D27C2-9331-4CE6-B335-405D06E9A176} = {907D28CA-44CB-11AE-45AF-381D3FEDEF68}
		{0376CA3C-0250-4831-81C9-2B32BF255493} = {907D28CA-44CB-11AE-45AF-381D3FEDEF68}
		{035A5411-3C5A-45C1-8E27-6A7CD33534CB} = {907D28CA-44CB-11AE-45AF-381D3FEDEF68}
	EndGlobalSection
	GlobalSection(ExtensibilityGlobals) = postSolution
		SolutionGuid = {FE308FDC-C0B1-42FB-A2F7-A73BA9215E58}
	EndGlobalSection
EndGlobal
